
Microsoft Visual Studio Solution File, Format Version 12.00
# Visual Studio Version 16
VisualStudioVersion = 16.0.30204.135
MinimumVisualStudioVersion = 10.0.40219.1
Project("{FAE04EC0-301F-11D3-BF4B-00C04F79EFBC}") = "CityRush2.0", "CityRush2.0\CityRush2.0.csproj", "{EAE14E96-AE9C-4C10-A7CD-7220B9821AF4}"
EndProject
Global
	GlobalSection(SolutionConfigurationPlatforms) = preSolution
		Debug|Any CPU = Debug|Any CPU
		Release|Any CPU = Release|Any CPU
	EndGlobalSection
	GlobalSection(ProjectConfigurationPlatforms) = postSolution
		{EAE14E96-AE9C-4C10-A7CD-7220B9821AF4}.Debug|Any CPU.ActiveCfg = Debug|Any CPU
		{EAE14E96-AE9C-4C10-A7CD-7220B9821AF4}.Debug|Any CPU.Build.0 = Debug|Any CPU
		{EAE14E96-AE9C-4C10-A7CD-7220B9821AF4}.Release|Any CPU.ActiveCfg = Release|Any CPU
		{EAE14E96-AE9C-4C10-A7CD-7220B9821AF4}.Release|Any CPU.Build.0 = Release|Any CPU
	EndGlobalSection
	GlobalSection(SolutionProperties) = preSolution
		HideSolutionNode = FALSE
	EndGlobalSection
	GlobalSection(ExtensibilityGlobals) = postSolution
		SolutionGuid = {88750CFF-952B-42F4-BBF8-A03B7B7582E7}
	EndGlobalSection
EndGlobal
